
Microsoft Visual Studio Solution File, Format Version 12.00
# Visual Studio Version 16
VisualStudioVersion = 16.0.31129.286
MinimumVisualStudioVersion = 10.0.40219.1
Project("{9A19103F-16F7-4668-BE54-9A1E7A4F7556}") = "khoahocc buoi2", "khoahocc buoi2\khoahocc buoi2.csproj", "{70E61DCC-7CBF-4C35-8DB7-C59E1BBDEA82}"
EndProject
Project("{FAE04EC0-301F-11D3-BF4B-00C04F79EFBC}") = "khoahocc buoi 3", "khoahocc buoi 3\khoahocc buoi 3.csproj", "{227E1039-2DA8-4D25-9754-C5FA5A3C3936}"
EndProject
Global
	GlobalSection(SolutionConfigurationPlatforms) = preSolution
		Debug|Any CPU = Debug|Any CPU
		Release|Any CPU = Release|Any CPU
	EndGlobalSection
	GlobalSection(ProjectConfigurationPlatforms) = postSolution
		{70E61DCC-7CBF-4C35-8DB7-C59E1BBDEA82}.Debug|Any CPU.ActiveCfg = Debug|Any CPU
		{70E61DCC-7CBF-4C35-8DB7-C59E1BBDEA82}.Debug|Any CPU.Build.0 = Debug|Any CPU
		{70E61DCC-7CBF-4C35-8DB7-C59E1BBDEA82}.Release|Any CPU.ActiveCfg = Release|Any CPU
		{70E61DCC-7CBF-4C35-8DB7-C59E1BBDEA82}.Release|Any CPU.Build.0 = Release|Any CPU
		{227E1039-2DA8-4D25-9754-C5FA5A3C3936}.Debug|Any CPU.ActiveCfg = Debug|Any CPU
		{227E1039-2DA8-4D25-9754-C5FA5A3C3936}.Debug|Any CPU.Build.0 = Debug|Any CPU
		{227E1039-2DA8-4D25-9754-C5FA5A3C3936}.Release|Any CPU.ActiveCfg = Release|Any CPU
		{227E1039-2DA8-4D25-9754-C5FA5A3C3936}.Release|Any CPU.Build.0 = Release|Any CPU
	EndGlobalSection
	GlobalSection(SolutionProperties) = preSolution
		HideSolutionNode = FALSE
	EndGlobalSection
	GlobalSection(ExtensibilityGlobals) = postSolution
		SolutionGuid = {0B61683F-2993-423A-AE28-E324CF91B3D8}
	EndGlobalSection
EndGlobal
